{
  "object": {
    "pins": [
      {
        "package": "Acheron",
        "repositoryURL": "https://github.com/aepryus/Acheron.git",
        "state": {
          "branch": "master",
          "revision": "339deb42fcf67b8bf70c27f48e98799e174f117a",
          "version": null
        }
      },
      {
        "package": "OoviumEngine",
        "repositoryURL": "https://github.com/aepryus/OoviumEngine.git",
        "state": {
          "branch": "master",
          "revision": "2e3d0579c180f7aa4387eb190f9af826b6d4f77d",
          "version": null
        }
      }
    ]
  },
  "version": 1
}
