{
  "object": {
    "pins": [
      {
        "package": "Acheron",
        "repositoryURL": "https://github.com/aepryus/Acheron.git",
        "state": {
          "branch": "master",
          "revision": "26c02d4b80dac70bac383b298f97b00a02ae017b",
          "version": null
        }
      },
      {
        "package": "OoviumEngine",
        "repositoryURL": "https://github.com/aepryus/OoviumEngine.git",
        "state": {
          "branch": "master",
          "revision": "14a324ae3f0483063d2c375a18238b295d23d604",
          "version": null
        }
      }
    ]
  },
  "version": 1
}
